{
    "_meta": {
        "hash": {
            "sha256": "63d1f80e19fb0d3cfac972f27af96a262b064f8c9dae6188ed52734b3f28321c"
        },
        "pipfile-spec": 6,
        "requires": {
            "python_version": "3.9"
        },
        "sources": [
            {
                "name": "pypi",
                "url": "https://pypi.org/simple",
                "verify_ssl": true
            },
            {
                "name": "google_jax",
                "url": "https://storage.googleapis.com/jax-releases/jax_releases.html",
                "verify_ssl": true
            }
        ]
    },
    "default": {
        "absl-py": {
            "hashes": [
                "sha256:84e6dcdc69c947d0c13e5457d056bd43cade4c2393dce00d684aedea77ddc2a3",
                "sha256:ac511215c01ee9ae47b19716599e8ccfa746f2e18de72bdf641b79b22afa27ea"
            ],
            "markers": "python_version >= '3.6'",
            "version": "==1.0.0"
        },
        "cloudpickle": {
            "hashes": [
                "sha256:5cd02f3b417a783ba84a4ec3e290ff7929009fe51f6405423cfccfadd43ba4a4",
                "sha256:6b2df9741d06f43839a3275c4e6632f7df6487a1f181f5f46a052d3c917c3d11"
            ],
            "markers": "python_version >= '3.6'",
            "version": "==2.0.0"
        },
        "decorator": {
            "hashes": [
                "sha256:637996211036b6385ef91435e4fae22989472f9d571faba8927ba8253acbc330",
                "sha256:b8c3f85900b9dc423225913c5aace94729fe1fa9763b38939a95226f02d37186"
            ],
            "markers": "python_version >= '3.5'",
            "version": "==5.1.1"
        },
        "dm-tree": {
            "hashes": [
                "sha256:02ffa673f20b1756dcf085ef2c354bc59416d843b384c7b71c421f873ffc36c0",
                "sha256:0f8a43ec475776a4e7091ef0ae01e8328f3817f723640a90d31c7acc07e830f7",
                "sha256:2c91e472aab5c5e083c12d0a9396bbd7695031348721f709a9c6f2449e53dab6",
                "sha256:2fa9c6e56cbd22cdffec42dc8b20464872b07c4535d8effc537fe0d31930b084",
                "sha256:3d02ba486c8768dcb7c2164fa09af118526df9caf71833927d43da9efc1880f9",
                "sha256:51d3584b6f5c1d2d6f1fbdf3286d92313ecef894294cda3bcf35e49366d135b6",
                "sha256:5269183f80f1ae37543a2a30a8f78e4b0460d5da74fb5ac42dc8a476ef8d707e",
                "sha256:603392f1a7818a4f43a7033c2061ae7c2085a4a728171b0bbca76bd107fcdfb0",
                "sha256:6776404b23b4522c01012ffb314632aba092c9541577004ab153321e87da439a",
                "sha256:6d5f64d89f657b11f429e13b1378c8cfbe4baef50e7ab31f3689bfe0cf4a2508",
                "sha256:8425454192e954692d9a1e0f7b374b3b7030916b17b6055951dc17d58b6fe1b8",
                "sha256:889eae86e0d2d4b8da8eb2edc7186b45a5f92e00c8dd77f2a5c8422f03db18f4",
                "sha256:8d59c5098456667b28c607110537c86c25cbd0ee455f21d033c60ef2d7f48d81",
                "sha256:91b895194a1ffc5453d27137c10f03cf9422e43ecb5c1d533f7a24eb46c71143",
                "sha256:a69861be3f2e6d55a86c280e9625ddd9a77f0c9c9936075ad7773bfdfdca70a3",
                "sha256:a8814a5c838f79e9db22a51369c74f4d92e7f1485ec55d7f665ae4d98478cb4f",
                "sha256:affc7a6d29442a143c60efb2f03bcb95424d4fe6168f3d31de892c1e601fa0e6",
                "sha256:bd347c74254ba320d57b0e102558c1189e3b4ae1bae952f9aef156b5914567c8",
                "sha256:c4e8d868fc9a75cbdb67e78069b33e62a4c69bc182c1d2adc29ab08e283912d8",
                "sha256:c6185d750ae7078d299262d16f0b8f2ba699a498abc8fe0e213817763796dd5f",
                "sha256:d6780c9bf3f9d388706cf02efd0866c94c85b5330c92a0989bddfdd9878cd0e8",
                "sha256:e28ba91d3d97230b831716db401ce116ae5c7dcd025161ac16ecb8bd5c870a85",
                "sha256:e86ae05b002e825680a5da0602376da95caed24ecc54569891cfd3b1503e6786",
                "sha256:e87d06478356a2d92c3940dedebcd92a14ad37fba10ebb1839c8140693b83c0a",
                "sha256:ec003873d759635ba6cc5eabc6da886bc00f6b5ec23a6baffc4fd0218231adad",
                "sha256:f3bec40e658fe7546c3a56849c743ac9a498e620b3236e82e171801938a56679"
            ],
            "version": "==0.1.6"
        },
        "flatbuffers": {
            "hashes": [
                "sha256:12158ab0272375eab8db2d663ae97370c33f152b27801fa6024e1d6105fd4dd2",
                "sha256:3751954f0604580d3219ae49a85fafec9d85eec599c0b96226e1bc0b48e57474"
            ],
            "version": "==2.0"
        },
        "gast": {
            "hashes": [
                "sha256:211aac1e58c167b25d3504998f2db694454a24bb1fb1225bce99420166f21d6a",
                "sha256:cfbea25820e653af9c7d1807f659ce0a0a9c64f2439421a7bba4f0983f532dea"
            ],
            "markers": "python_version >= '2.7' and python_version not in '3.0, 3.1, 3.2, 3.3'",
            "version": "==0.5.3"
        },
        "jax": {
            "extras": [
                "cuda11_cudnn805"
            ],
            "hashes": [
                "sha256:81c0de0f92552eeb5885a62ade2420e60902cecc46df78b43439f98912e51681"
            ],
            "index": "google_jax",
            "version": "==0.2.14"
        },
        "jaxlib": {
            "hashes": [
                "sha256:05569cb8437a6885bdee3cebf06fee97aedc229d36a7c1cbf9ebcc3c69b555f4",
                "sha256:4a196896d0a580f74cf02e9c3d61778305abb416149859541808f1e9603cb3e8",
                "sha256:662bc4a8ccaa3db446c417381685b74c274c173ed00d986531896be7f4277553",
                "sha256:675d608db5d1ee7cbe204bcc236077133e67eb0e17342d03782f6a039b2cbea9",
                "sha256:6f49d4452bb817f0ef5b6200fd21e57fe1c1c1c535853f8de916904672cf7d88",
                "sha256:7436c0e40c9f59d2ddb701985edbeb25c2562823b479371b443e5f0dcdb4ef54",
                "sha256:771fa71fa9c2790ba1e5c05152d3c230355204d6a14a0094da7fb4dad149038e",
                "sha256:c88b44d95118b0f1295805fb0a91e93d95d31c4399ab5d3cfb996e4cad62feca",
                "sha256:d910947a9542d76b04c8b04c0c3112dfcbc46cc7735c4393d86917371cea3323",
                "sha256:fbb8e354cd020c457a3d01f8c2289993b0a63bb7c3951c568c1bcbf5aa9286ff"
            ],
            "version": "==0.1.76"
        },
        "numpy": {
            "hashes": [
                "sha256:0d28a54afcf46f1f9ebd163e49ad6b49087f22986fefd01a23ca0c1cdda25ca6",
                "sha256:1264c66129f5ef63187649dd43f1ca59532e8c098723643336a85131c0dcce3f",
                "sha256:1abc02e30e3efd81a4571e00f8e62bf42e343c76698e0a3e11d9c2b3ee0d77a7",
                "sha256:2445a96fbae23a4109c61be0f0af0f3bc273905dc5687a710850c1dfde0fc994",
                "sha256:2bf0e68c92ef077fe766e53f8937d8ac341bdbca68ec128ae049b7d5c34e3206",
                "sha256:33edfc0eb229f86f539493917b34035054313a11afbed48404aaf9f86bf4b0f6",
                "sha256:3d8233c03f116d068d5365fed4477f2947c7229582dad81e5953088989294cec",
                "sha256:4d592264d2a4f368afbb4288b5ceb646d4cbaf559c0249c096fbb0a149806b90",
                "sha256:5ae765dd29c71a555f8102281f6fb15a3f4dbd35f6e7daf36af9df6d9dd716a5",
                "sha256:894aaee60043a98b03f0ad992c810f62e3a15f98a701e1c0f58a4f4a0df13429",
                "sha256:89bd70c9ad540febe6c28451ba225eb4e49d27f64728357f512c808002325dfa",
                "sha256:93c2abea7bb69f47029b84ceac30ab46dfcfdb99b671ad850a333ff794a765e4",
                "sha256:abdfa075e293d73638ece434708aa60b510dc6e70d805f57f481a0f550b25a9e",
                "sha256:afeee581b50df20ef07b736e62ca612858f1fcdba96651d26ab44e3d567a4e6e",
                "sha256:b51b9ef0624f4b01b846c981034c10d2e30db33f9f8be71e992f3900741f6f77",
                "sha256:b66a6c15d793eda7cdad986e737775aa31b9306d588c14dd0277d2dda5546150",
                "sha256:cb257bb0c0a3176c32782a63cfab2eace7eabfa2a3b2dfd85a13700617ccaf28",
                "sha256:cf5d9dcbdbe523fa665c5309cce5f144648d94a7fddbf5a40f8e0d5c9f5b596d",
                "sha256:d1bc331e1706fd1809a1bc8a31205329e5b30cf5ba50461c624da267e99f6ae6",
                "sha256:db5e69d08756a2fa75a42b4e433880b6187768fe1bc73d21819def893e5128c6",
                "sha256:e3db646af9f6a145f0c57202f4b55d4a33f975e395e78fb7b394644c17c1a3a6",
                "sha256:e9c5fd330d2fedf06051bafb996252de9b032fcb2ec03eefc9a543e56efa66d4",
                "sha256:eee454d3aa3955d0c0069a0f265fea47f1e1384c35a110a95efed358eb6e1562",
                "sha256:f1e9424e9aa3834ea27cc12f9c6ea8ace5da18ee60a720bb3a85b2f733f41782"
            ],
            "index": "pypi",
            "version": "==1.20"
        },
        "opt-einsum": {
            "hashes": [
                "sha256:2455e59e3947d3c275477df7f5205b30635e266fe6dc300e3d9f9646bfcea147",
                "sha256:59f6475f77bbc37dcf7cd748519c0ec60722e91e63ca114e68821c0c54a46549"
            ],
            "markers": "python_version >= '3.5'",
            "version": "==3.3.0"
        },
        "scipy": {
            "hashes": [
                "sha256:011d4386b53b933142f58a652aa0f149c9b9242abd4f900b9f4ea5fbafc86b89",
                "sha256:16e09ef68b352d73befa8bcaf3ebe25d3941fe1a58c82909d5589856e6bc8174",
                "sha256:31d4f2d6b724bc9a98e527b5849b8a7e589bf1ea630c33aa563eda912c9ff0bd",
                "sha256:38aa39b6724cb65271e469013aeb6f2ce66fd44f093e241c28a9c6bc64fd79ed",
                "sha256:3d573228c10a3a8c32b9037be982e6440e411b443a6267b067cac72f690b8d56",
                "sha256:3d9dd6c8b93a22bf9a3a52d1327aca7e092b1299fb3afc4f89e8eba381be7b59",
                "sha256:559a8a4c03a5ba9fe3232f39ed24f86457e4f3f6c0abbeae1fb945029f092720",
                "sha256:5e73343c5e0d413c1f937302b2e04fb07872f5843041bcfd50699aef6e95e399",
                "sha256:723b9f878095ed994756fa4ee3060c450e2db0139c5ba248ee3f9628bd64e735",
                "sha256:87b01c7d5761e8a266a0fbdb9d88dcba0910d63c1c671bdb4d99d29f469e9e03",
                "sha256:8f4d059a97b29c91afad46b1737274cb282357a305a80bdd9e8adf3b0ca6a3f0",
                "sha256:92b2c2af4183ed09afb595709a8ef5783b2baf7f41e26ece24e1329c109691a7",
                "sha256:937d28722f13302febde29847bbe554b89073fbb924a30475e5ed7b028898b5f",
                "sha256:a279e27c7f4566ef18bab1b1e2c37d168e365080974758d107e7d237d3f0f484",
                "sha256:ad5be4039147c808e64f99c0e8a9641eb5d2fa079ff5894dcd8240e94e347af4",
                "sha256:ae3e327da323d82e918e593460e23babdce40d7ab21490ddf9fc06dec6b91a18",
                "sha256:bb7088e89cd751acf66195d2f00cf009a1ea113f3019664032d9075b1e727b6c",
                "sha256:c17a1878d00a5dd2797ccd73623ceca9d02375328f6218ee6d921e1325e61aff",
                "sha256:c2bae431d127bf0b1da81fc24e4bba0a84d058e3a96b9dd6475dfcb3c5e8761e",
                "sha256:de2e80ee1d925984c2504812a310841c241791c5279352be4707cdcd7c255039",
                "sha256:e6f0cd9c0bd374ef834ee1e0f0999678d49dcc400ea6209113d81528958f97c7",
                "sha256:f3720d0124aced49f6f2198a6900304411dbbeed12f56951d7c66ebef05e3df6",
                "sha256:f4a6d3b9f9797eb2d43938ac2c5d96d02aed17ef170c8b38f11798717523ddba"
            ],
            "markers": "python_version < '3.11' and python_version >= '3.8'",
            "version": "==1.8.0"
        },
        "six": {
            "hashes": [
                "sha256:1e61c37477a1626458e36f7b1d82aa5c9b094fa4802892072e49de9c60c4c926",
                "sha256:8abb2f1d86890a2dfb989f9a77cfcfd3e47c2a354b01111771326f8aa26e0254"
            ],
            "markers": "python_version >= '2.7' and python_version not in '3.0, 3.1, 3.2, 3.3'",
            "version": "==1.16.0"
        },
        "tensorflow-probability": {
            "extras": [
                "jax"
            ],
            "hashes": [
                "sha256:308c05998731d0de077a81f4537bef34523cab406fdae09e3e11854d45a075bb"
            ],
            "index": "pypi",
            "version": "==0.13"
        }
    },
    "develop": {}
}
